
Microsoft Visual Studio Solution File, Format Version 12.00
# Visual Studio Version 17
VisualStudioVersion = 17.8.34330.188
MinimumVisualStudioVersion = 10.0.40219.1
Project("{FAE04EC0-301F-11D3-BF4B-00C04F79EFBC}") = "day9", "day9.csproj", "{C7588659-9FC4-4AF3-B929-8230F08E9DAE}"
EndProject
Global
	GlobalSection(SolutionConfigurationPlatforms) = preSolution
		Debug|Any CPU = Debug|Any CPU
		Release|Any CPU = Release|Any CPU
	EndGlobalSection
	GlobalSection(ProjectConfigurationPlatforms) = postSolution
		{C7588659-9FC4-4AF3-B929-8230F08E9DAE}.Debug|Any CPU.ActiveCfg = Debug|Any CPU
		{C7588659-9FC4-4AF3-B929-8230F08E9DAE}.Debug|Any CPU.Build.0 = Debug|Any CPU
		{C7588659-9FC4-4AF3-B929-8230F08E9DAE}.Release|Any CPU.ActiveCfg = Release|Any CPU
		{C7588659-9FC4-4AF3-B929-8230F08E9DAE}.Release|Any CPU.Build.0 = Release|Any CPU
	EndGlobalSection
	GlobalSection(SolutionProperties) = preSolution
		HideSolutionNode = FALSE
	EndGlobalSection
	GlobalSection(ExtensibilityGlobals) = postSolution
		SolutionGuid = {1A368EA6-AEAA-48FC-B2F0-9605648C1522}
	EndGlobalSection
EndGlobal
