
Microsoft Visual Studio Solution File, Format Version 12.00
# Visual Studio Version 17
VisualStudioVersion = 17.8.34330.188
MinimumVisualStudioVersion = 10.0.40219.1
Project("{FAE04EC0-301F-11D3-BF4B-00C04F79EFBC}") = "day11", "day11.csproj", "{E3148D5A-2542-40EF-801F-15192E5AA3FF}"
EndProject
Global
	GlobalSection(SolutionConfigurationPlatforms) = preSolution
		Debug|Any CPU = Debug|Any CPU
		Release|Any CPU = Release|Any CPU
	EndGlobalSection
	GlobalSection(ProjectConfigurationPlatforms) = postSolution
		{E3148D5A-2542-40EF-801F-15192E5AA3FF}.Debug|Any CPU.ActiveCfg = Debug|Any CPU
		{E3148D5A-2542-40EF-801F-15192E5AA3FF}.Debug|Any CPU.Build.0 = Debug|Any CPU
		{E3148D5A-2542-40EF-801F-15192E5AA3FF}.Release|Any CPU.ActiveCfg = Release|Any CPU
		{E3148D5A-2542-40EF-801F-15192E5AA3FF}.Release|Any CPU.Build.0 = Release|Any CPU
	EndGlobalSection
	GlobalSection(SolutionProperties) = preSolution
		HideSolutionNode = FALSE
	EndGlobalSection
	GlobalSection(ExtensibilityGlobals) = postSolution
		SolutionGuid = {097CFA2F-BFD3-40E3-9B30-905F6D953913}
	EndGlobalSection
EndGlobal
