
Microsoft Visual Studio Solution File, Format Version 12.00
# Visual Studio Version 17
VisualStudioVersion = 17.8.34330.188
MinimumVisualStudioVersion = 10.0.40219.1
Project("{FAE04EC0-301F-11D3-BF4B-00C04F79EFBC}") = "WebAppl1_day21", "WebAppl1_day21\WebAppl1_day21.csproj", "{A316AE69-6D04-4938-8661-97CCA46762E9}"
EndProject
Global
	GlobalSection(SolutionConfigurationPlatforms) = preSolution
		Debug|Any CPU = Debug|Any CPU
		Release|Any CPU = Release|Any CPU
	EndGlobalSection
	GlobalSection(ProjectConfigurationPlatforms) = postSolution
		{A316AE69-6D04-4938-8661-97CCA46762E9}.Debug|Any CPU.ActiveCfg = Debug|Any CPU
		{A316AE69-6D04-4938-8661-97CCA46762E9}.Debug|Any CPU.Build.0 = Debug|Any CPU
		{A316AE69-6D04-4938-8661-97CCA46762E9}.Release|Any CPU.ActiveCfg = Release|Any CPU
		{A316AE69-6D04-4938-8661-97CCA46762E9}.Release|Any CPU.Build.0 = Release|Any CPU
	EndGlobalSection
	GlobalSection(SolutionProperties) = preSolution
		HideSolutionNode = FALSE
	EndGlobalSection
	GlobalSection(ExtensibilityGlobals) = postSolution
		SolutionGuid = {7CA72991-96E3-42A0-BFBC-7BB4FA2F2000}
	EndGlobalSection
EndGlobal
