
Microsoft Visual Studio Solution File, Format Version 12.00
# Visual Studio Version 17
VisualStudioVersion = 17.8.34330.188
MinimumVisualStudioVersion = 10.0.40219.1
Project("{FAE04EC0-301F-11D3-BF4B-00C04F79EFBC}") = "day12", "day12.csproj", "{F94BEA45-D23D-43EF-A1ED-E32DDBD241EE}"
EndProject
Global
	GlobalSection(SolutionConfigurationPlatforms) = preSolution
		Debug|Any CPU = Debug|Any CPU
		Release|Any CPU = Release|Any CPU
	EndGlobalSection
	GlobalSection(ProjectConfigurationPlatforms) = postSolution
		{F94BEA45-D23D-43EF-A1ED-E32DDBD241EE}.Debug|Any CPU.ActiveCfg = Debug|Any CPU
		{F94BEA45-D23D-43EF-A1ED-E32DDBD241EE}.Debug|Any CPU.Build.0 = Debug|Any CPU
		{F94BEA45-D23D-43EF-A1ED-E32DDBD241EE}.Release|Any CPU.ActiveCfg = Release|Any CPU
		{F94BEA45-D23D-43EF-A1ED-E32DDBD241EE}.Release|Any CPU.Build.0 = Release|Any CPU
	EndGlobalSection
	GlobalSection(SolutionProperties) = preSolution
		HideSolutionNode = FALSE
	EndGlobalSection
	GlobalSection(ExtensibilityGlobals) = postSolution
		SolutionGuid = {E8150231-053D-4698-9EFC-E2B6392F8127}
	EndGlobalSection
EndGlobal
